// !$*UTF8*$!
{
	archiveVersion = 1;
	classes = {
	};
	objectVersion = 52;
	objects = {

/* Begin PBXBuildFile section */
		E42FA6EE25F02CAC008DA92E /* main.swift in Sources */ = {isa = PBXBuildFile; fileRef = E42FA6ED25F02CAC008DA92E /* main.swift */; };
		E42FA6F725F02DAF008DA92E /* Crypto in Frameworks */ = {isa = PBXBuildFile; productRef = E42FA6F625F02DAF008DA92E /* Crypto */; };
		E42FA6FA25F17E48008DA92E /* kernels.metal in Sources */ = {isa = PBXBuildFile; fileRef = E42FA6F925F17E48008DA92E /* kernels.metal */; };
		E48BE98625F6CE790032E5C6 /* sha256.swift in Sources */ = {isa = PBXBuildFile; fileRef = E48BE98525F6CE790032E5C6 /* sha256.swift */; };
		E48BE98E25F8139C0032E5C6 /* testing.swift in Sources */ = {isa = PBXBuildFile; fileRef = E48BE98D25F8139C0032E5C6 /* testing.swift */; };
		E48BE99125F813A90032E5C6 /* util.swift in Sources */ = {isa = PBXBuildFile; fileRef = E48BE99025F813A90032E5C6 /* util.swift */; };
		E48BE99425F813D90032E5C6 /* stratum.swift in Sources */ = {isa = PBXBuildFile; fileRef = E48BE99325F813D90032E5C6 /* stratum.swift */; };
		E48BE99725F814570032E5C6 /* mining.swift in Sources */ = {isa = PBXBuildFile; fileRef = E48BE99625F814570032E5C6 /* mining.swift */; };
		E48BE99E25F814CD0032E5C6 /* struct.swift in Sources */ = {isa = PBXBuildFile; fileRef = E48BE99D25F814CD0032E5C6 /* struct.swift */; };
/* End PBXBuildFile section */

/* Begin PBXCopyFilesBuildPhase section */
		E42FA6E825F02CAC008DA92E /* CopyFiles */ = {
			isa = PBXCopyFilesBuildPhase;
			buildActionMask = 2147483647;
			dstPath = /usr/share/man/man1/;
			dstSubfolderSpec = 0;
			files = (
			);
			runOnlyForDeploymentPostprocessing = 1;
		};
/* End PBXCopyFilesBuildPhase section */

/* Begin PBXFileReference section */
		E42FA6EA25F02CAC008DA92E /* btcswift */ = {isa = PBXFileReference; explicitFileType = "compiled.mach-o.executable"; includeInIndex = 0; path = btcswift; sourceTree = BUILT_PRODUCTS_DIR; };
		E42FA6ED25F02CAC008DA92E /* main.swift */ = {isa = PBXFileReference; lastKnownFileType = sourcecode.swift; path = main.swift; sourceTree = "<group>"; };
		E42FA6F925F17E48008DA92E /* kernels.metal */ = {isa = PBXFileReference; lastKnownFileType = sourcecode.metal; path = kernels.metal; sourceTree = "<group>"; };
		E48BE98525F6CE790032E5C6 /* sha256.swift */ = {isa = PBXFileReference; lastKnownFileType = sourcecode.swift; path = sha256.swift; sourceTree = "<group>"; };
		E48BE98D25F8139C0032E5C6 /* testing.swift */ = {isa = PBXFileReference; lastKnownFileType = sourcecode.swift; path = testing.swift; sourceTree = "<group>"; };
		E48BE99025F813A90032E5C6 /* util.swift */ = {isa = PBXFileReference; lastKnownFileType = sourcecode.swift; path = util.swift; sourceTree = "<group>"; };
		E48BE99325F813D90032E5C6 /* stratum.swift */ = {isa = PBXFileReference; lastKnownFileType = sourcecode.swift; path = stratum.swift; sourceTree = "<group>"; };
		E48BE99625F814570032E5C6 /* mining.swift */ = {isa = PBXFileReference; lastKnownFileType = sourcecode.swift; path = mining.swift; sourceTree = "<group>"; };
		E48BE99D25F814CD0032E5C6 /* struct.swift */ = {isa = PBXFileReference; lastKnownFileType = sourcecode.swift; path = struct.swift; sourceTree = "<group>"; };
/* End PBXFileReference section */

/* Begin PBXFrameworksBuildPhase section */
		E42FA6E725F02CAC008DA92E /* Frameworks */ = {
			isa = PBXFrameworksBuildPhase;
			buildActionMask = 2147483647;
			files = (
				E42FA6F725F02DAF008DA92E /* Crypto in Frameworks */,
			);
			runOnlyForDeploymentPostprocessing = 0;
		};
/* End PBXFrameworksBuildPhase section */

/* Begin PBXGroup section */
		E42FA6E125F02CAC008DA92E = {
			isa = PBXGroup;
			children = (
				E42FA6F925F17E48008DA92E /* kernels.metal */,
				E42FA6EC25F02CAC008DA92E /* btcswift */,
				E42FA6EB25F02CAC008DA92E /* Products */,
			);
			sourceTree = "<group>";
		};
		E42FA6EB25F02CAC008DA92E /* Products */ = {
			isa = PBXGroup;
			children = (
				E42FA6EA25F02CAC008DA92E /* btcswift */,
			);
			name = Products;
			sourceTree = "<group>";
		};
		E42FA6EC25F02CAC008DA92E /* btcswift */ = {
			isa = PBXGroup;
			children = (
				E48BE98525F6CE790032E5C6 /* sha256.swift */,
				E42FA6ED25F02CAC008DA92E /* main.swift */,
				E48BE98D25F8139C0032E5C6 /* testing.swift */,
				E48BE99025F813A90032E5C6 /* util.swift */,
				E48BE99325F813D90032E5C6 /* stratum.swift */,
				E48BE99625F814570032E5C6 /* mining.swift */,
				E48BE99D25F814CD0032E5C6 /* struct.swift */,
			);
			path = btcswift;
			sourceTree = "<group>";
		};
/* End PBXGroup section */

/* Begin PBXNativeTarget section */
		E42FA6E925F02CAC008DA92E /* btcswift */ = {
			isa = PBXNativeTarget;
			buildConfigurationList = E42FA6F125F02CAC008DA92E /* Build configuration list for PBXNativeTarget "btcswift" */;
			buildPhases = (
				E42FA6E625F02CAC008DA92E /* Sources */,
				E42FA6E725F02CAC008DA92E /* Frameworks */,
				E42FA6E825F02CAC008DA92E /* CopyFiles */,
			);
			buildRules = (
			);
			dependencies = (
			);
			name = btcswift;
			packageProductDependencies = (
				E42FA6F625F02DAF008DA92E /* Crypto */,
			);
			productName = btcswift;
			productReference = E42FA6EA25F02CAC008DA92E /* btcswift */;
			productType = "com.apple.product-type.tool";
		};
/* End PBXNativeTarget section */

/* Begin PBXProject section */
		E42FA6E225F02CAC008DA92E /* Project object */ = {
			isa = PBXProject;
			attributes = {
				LastSwiftUpdateCheck = 1240;
				LastUpgradeCheck = 1240;
				TargetAttributes = {
					E42FA6E925F02CAC008DA92E = {
						CreatedOnToolsVersion = 12.4;
					};
				};
			};
			buildConfigurationList = E42FA6E525F02CAC008DA92E /* Build configuration list for PBXProject "btcswift" */;
			compatibilityVersion = "Xcode 9.3";
			developmentRegion = en;
			hasScannedForEncodings = 0;
			knownRegions = (
				en,
				Base,
			);
			mainGroup = E42FA6E125F02CAC008DA92E;
			packageReferences = (
				E42FA6F525F02DAF008DA92E /* XCRemoteSwiftPackageReference "swift-crypto" */,
			);
			productRefGroup = E42FA6EB25F02CAC008DA92E /* Products */;
			projectDirPath = "";
			projectRoot = "";
			targets = (
				E42FA6E925F02CAC008DA92E /* btcswift */,
			);
		};
/* End PBXProject section */

/* Begin PBXSourcesBuildPhase section */
		E42FA6E625F02CAC008DA92E /* Sources */ = {
			isa = PBXSourcesBuildPhase;
			buildActionMask = 2147483647;
			files = (
				E48BE98625F6CE790032E5C6 /* sha256.swift in Sources */,
				E42FA6FA25F17E48008DA92E /* kernels.metal in Sources */,
				E48BE99425F813D90032E5C6 /* stratum.swift in Sources */,
				E48BE99725F814570032E5C6 /* mining.swift in Sources */,
				E48BE99E25F814CD0032E5C6 /* struct.swift in Sources */,
				E48BE98E25F8139C0032E5C6 /* testing.swift in Sources */,
				E48BE99125F813A90032E5C6 /* util.swift in Sources */,
				E42FA6EE25F02CAC008DA92E /* main.swift in Sources */,
			);
			runOnlyForDeploymentPostprocessing = 0;
		};
/* End PBXSourcesBuildPhase section */

/* Begin XCBuildConfiguration section */
		E42FA6EF25F02CAC008DA92E /* Debug */ = {
			isa = XCBuildConfiguration;
			buildSettings = {
				ALWAYS_SEARCH_USER_PATHS = NO;
				CLANG_ANALYZER_NONNULL = YES;
				CLANG_ANALYZER_NUMBER_OBJECT_CONVERSION = YES_AGGRESSIVE;
				CLANG_CXX_LANGUAGE_STANDARD = "gnu++14";
				CLANG_CXX_LIBRARY = "libc++";
				CLANG_ENABLE_MODULES = YES;
				CLANG_ENABLE_OBJC_ARC = YES;
				CLANG_ENABLE_OBJC_WEAK = YES;
				CLANG_WARN_BLOCK_CAPTURE_AUTORELEASING = YES;
				CLANG_WARN_BOOL_CONVERSION = YES;
				CLANG_WARN_COMMA = YES;
				CLANG_WARN_CONSTANT_CONVERSION = YES;
				CLANG_WARN_DEPRECATED_OBJC_IMPLEMENTATIONS = YES;
				CLANG_WARN_DIRECT_OBJC_ISA_USAGE = YES_ERROR;
				CLANG_WARN_DOCUMENTATION_COMMENTS = YES;
				CLANG_WARN_EMPTY_BODY = YES;
				CLANG_WARN_ENUM_CONVERSION = YES;
				CLANG_WARN_INFINITE_RECURSION = YES;
				CLANG_WARN_INT_CONVERSION = YES;
				CLANG_WARN_NON_LITERAL_NULL_CONVERSION = YES;
				CLANG_WARN_OBJC_IMPLICIT_RETAIN_SELF = YES;
				CLANG_WARN_OBJC_LITERAL_CONVERSION = YES;
				CLANG_WARN_OBJC_ROOT_CLASS = YES_ERROR;
				CLANG_WARN_QUOTED_INCLUDE_IN_FRAMEWORK_HEADER = YES;
				CLANG_WARN_RANGE_LOOP_ANALYSIS = YES;
				CLANG_WARN_STRICT_PROTOTYPES = YES;
				CLANG_WARN_SUSPICIOUS_MOVE = YES;
				CLANG_WARN_UNGUARDED_AVAILABILITY = YES_AGGRESSIVE;
				CLANG_WARN_UNREACHABLE_CODE = YES;
				CLANG_WARN__DUPLICATE_METHOD_MATCH = YES;
				COPY_PHASE_STRIP = NO;
				DEBUG_INFORMATION_FORMAT = dwarf;
				ENABLE_STRICT_OBJC_MSGSEND = YES;
				ENABLE_TESTABILITY = YES;
				GCC_C_LANGUAGE_STANDARD = gnu11;
				GCC_DYNAMIC_NO_PIC = NO;
				GCC_NO_COMMON_BLOCKS = YES;
				GCC_OPTIMIZATION_LEVEL = 0;
				GCC_PREPROCESSOR_DEFINITIONS = (
					"DEBUG=1",
					"$(inherited)",
				);
				GCC_WARN_64_TO_32_BIT_CONVERSION = YES;
				GCC_WARN_ABOUT_RETURN_TYPE = YES_ERROR;
				GCC_WARN_UNDECLARED_SELECTOR = YES;
				GCC_WARN_UNINITIALIZED_AUTOS = YES_AGGRESSIVE;
				GCC_WARN_UNUSED_FUNCTION = YES;
				GCC_WARN_UNUSED_VARIABLE = YES;
				MACOSX_DEPLOYMENT_TARGET = 11.0;
				MTL_ENABLE_DEBUG_INFO = INCLUDE_SOURCE;
				MTL_FAST_MATH = YES;
				ONLY_ACTIVE_ARCH = YES;
				SDKROOT = macosx;
				SWIFT_ACTIVE_COMPILATION_CONDITIONS = DEBUG;
				SWIFT_OPTIMIZATION_LEVEL = "-Onone";
			};
			name = Debug;
		};
		E42FA6F025F02CAC008DA92E /* Release */ = {
			isa = XCBuildConfiguration;
			buildSettings = {
				ALWAYS_SEARCH_USER_PATHS = NO;
				CLANG_ANALYZER_NONNULL = YES;
				CLANG_ANALYZER_NUMBER_OBJECT_CONVERSION = YES_AGGRESSIVE;
				CLANG_CXX_LANGUAGE_STANDARD = "gnu++14";
				CLANG_CXX_LIBRARY = "libc++";
				CLANG_ENABLE_MODULES = YES;
				CLANG_ENABLE_OBJC_ARC = YES;
				CLANG_ENABLE_OBJC_WEAK = YES;
				CLANG_WARN_BLOCK_CAPTURE_AUTORELEASING = YES;
				CLANG_WARN_BOOL_CONVERSION = YES;
				CLANG_WARN_COMMA = YES;
				CLANG_WARN_CONSTANT_CONVERSION = YES;
				CLANG_WARN_DEPRECATED_OBJC_IMPLEMENTATIONS = YES;
				CLANG_WARN_DIRECT_OBJC_ISA_USAGE = YES_ERROR;
				CLANG_WARN_DOCUMENTATION_COMMENTS = YES;
				CLANG_WARN_EMPTY_BODY = YES;
				CLANG_WARN_ENUM_CONVERSION = YES;
				CLANG_WARN_INFINITE_RECURSION = YES;
				CLANG_WARN_INT_CONVERSION = YES;
				CLANG_WARN_NON_LITERAL_NULL_CONVERSION = YES;
				CLANG_WARN_OBJC_IMPLICIT_RETAIN_SELF = YES;
				CLANG_WARN_OBJC_LITERAL_CONVERSION = YES;
				CLANG_WARN_OBJC_ROOT_CLASS = YES_ERROR;
				CLANG_WARN_QUOTED_INCLUDE_IN_FRAMEWORK_HEADER = YES;
				CLANG_WARN_RANGE_LOOP_ANALYSIS = YES;
				CLANG_WARN_STRICT_PROTOTYPES = YES;
				CLANG_WARN_SUSPICIOUS_MOVE = YES;
				CLANG_WARN_UNGUARDED_AVAILABILITY = YES_AGGRESSIVE;
				CLANG_WARN_UNREACHABLE_CODE = YES;
				CLANG_WARN__DUPLICATE_METHOD_MATCH = YES;
				COPY_PHASE_STRIP = NO;
				DEBUG_INFORMATION_FORMAT = "dwarf-with-dsym";
				ENABLE_NS_ASSERTIONS = NO;
				ENABLE_STRICT_OBJC_MSGSEND = YES;
				GCC_C_LANGUAGE_STANDARD = gnu11;
				GCC_NO_COMMON_BLOCKS = YES;
				GCC_WARN_64_TO_32_BIT_CONVERSION = YES;
				GCC_WARN_ABOUT_RETURN_TYPE = YES_ERROR;
				GCC_WARN_UNDECLARED_SELECTOR = YES;
				GCC_WARN_UNINITIALIZED_AUTOS = YES_AGGRESSIVE;
				GCC_WARN_UNUSED_FUNCTION = YES;
				GCC_WARN_UNUSED_VARIABLE = YES;
				MACOSX_DEPLOYMENT_TARGET = 11.0;
				MTL_ENABLE_DEBUG_INFO = NO;
				MTL_FAST_MATH = YES;
				SDKROOT = macosx;
				SWIFT_COMPILATION_MODE = wholemodule;
				SWIFT_OPTIMIZATION_LEVEL = "-O";
			};
			name = Release;
		};
		E42FA6F225F02CAC008DA92E /* Debug */ = {
			isa = XCBuildConfiguration;
			buildSettings = {
				CODE_SIGN_STYLE = Automatic;
				DEVELOPMENT_TEAM = 45336GK7VA;
				ENABLE_HARDENED_RUNTIME = YES;
				PRODUCT_NAME = "$(TARGET_NAME)";
				SWIFT_VERSION = 5.0;
			};
			name = Debug;
		};
		E42FA6F325F02CAC008DA92E /* Release */ = {
			isa = XCBuildConfiguration;
			buildSettings = {
				CODE_SIGN_STYLE = Automatic;
				DEVELOPMENT_TEAM = 45336GK7VA;
				ENABLE_HARDENED_RUNTIME = YES;
				PRODUCT_NAME = "$(TARGET_NAME)";
				SWIFT_VERSION = 5.0;
			};
			name = Release;
		};
/* End XCBuildConfiguration section */

/* Begin XCConfigurationList section */
		E42FA6E525F02CAC008DA92E /* Build configuration list for PBXProject "btcswift" */ = {
			isa = XCConfigurationList;
			buildConfigurations = (
				E42FA6EF25F02CAC008DA92E /* Debug */,
				E42FA6F025F02CAC008DA92E /* Release */,
			);
			defaultConfigurationIsVisible = 0;
			defaultConfigurationName = Release;
		};
		E42FA6F125F02CAC008DA92E /* Build configuration list for PBXNativeTarget "btcswift" */ = {
			isa = XCConfigurationList;
			buildConfigurations = (
				E42FA6F225F02CAC008DA92E /* Debug */,
				E42FA6F325F02CAC008DA92E /* Release */,
			);
			defaultConfigurationIsVisible = 0;
			defaultConfigurationName = Release;
		};
/* End XCConfigurationList section */

/* Begin XCRemoteSwiftPackageReference section */
		E42FA6F525F02DAF008DA92E /* XCRemoteSwiftPackageReference "swift-crypto" */ = {
			isa = XCRemoteSwiftPackageReference;
			repositoryURL = "https://github.com/apple/swift-crypto";
			requirement = {
				kind = upToNextMajorVersion;
				minimumVersion = 1.1.4;
			};
		};
/* End XCRemoteSwiftPackageReference section */

/* Begin XCSwiftPackageProductDependency section */
		E42FA6F625F02DAF008DA92E /* Crypto */ = {
			isa = XCSwiftPackageProductDependency;
			package = E42FA6F525F02DAF008DA92E /* XCRemoteSwiftPackageReference "swift-crypto" */;
			productName = Crypto;
		};
/* End XCSwiftPackageProductDependency section */
	};
	rootObject = E42FA6E225F02CAC008DA92E /* Project object */;
}
