{
  "object": {
    "pins": [
      {
        "package": "swift-crypto",
        "repositoryURL": "https://github.com/apple/swift-crypto",
        "state": {
          "branch": null,
          "revision": "296d3308b4b2fa355cfe0de4ca411bf7a1cd8cf8",
          "version": "1.1.4"
        }
      }
    ]
  },
  "version": 1
}
